
Microsoft Visual Studio Solution File, Format Version 12.00
# Visual Studio Version 16
VisualStudioVersion = 16.0.30907.101
MinimumVisualStudioVersion = 10.0.40219.1
Project("{FAE04EC0-301F-11D3-BF4B-00C04F79EFBC}") = "Windowsform", "Windowsform.csproj", "{F6082AD2-E86D-4F12-8935-10C4608F7AD1}"
EndProject
Global
	GlobalSection(SolutionConfigurationPlatforms) = preSolution
		Debug|Any CPU = Debug|Any CPU
		Release|Any CPU = Release|Any CPU
	EndGlobalSection
	GlobalSection(ProjectConfigurationPlatforms) = postSolution
		{F6082AD2-E86D-4F12-8935-10C4608F7AD1}.Debug|Any CPU.ActiveCfg = Debug|Any CPU
		{F6082AD2-E86D-4F12-8935-10C4608F7AD1}.Debug|Any CPU.Build.0 = Debug|Any CPU
		{F6082AD2-E86D-4F12-8935-10C4608F7AD1}.Release|Any CPU.ActiveCfg = Release|Any CPU
		{F6082AD2-E86D-4F12-8935-10C4608F7AD1}.Release|Any CPU.Build.0 = Release|Any CPU
	EndGlobalSection
	GlobalSection(SolutionProperties) = preSolution
		HideSolutionNode = FALSE
	EndGlobalSection
	GlobalSection(ExtensibilityGlobals) = postSolution
		SolutionGuid = {A748B15F-A2A9-455C-AC2F-224FA6200074}
	EndGlobalSection
EndGlobal
